
Microsoft Visual Studio Solution File, Format Version 12.00
# Visual Studio Version 16
VisualStudioVersion = 16.0.31702.278
MinimumVisualStudioVersion = 10.0.40219.1
Project("{9092AA53-FB77-4645-B42D-1CCCA6BD08BD}") = "DMBot_Node", "DMBot_Node\DMBot_Node.njsproj", "{B8EED418-4C64-45FF-A42F-4A1E362A6D27}"
EndProject
Global
	GlobalSection(SolutionConfigurationPlatforms) = preSolution
		Debug|Any CPU = Debug|Any CPU
		Release|Any CPU = Release|Any CPU
	EndGlobalSection
	GlobalSection(ProjectConfigurationPlatforms) = postSolution
		{B8EED418-4C64-45FF-A42F-4A1E362A6D27}.Debug|Any CPU.ActiveCfg = Debug|Any CPU
		{B8EED418-4C64-45FF-A42F-4A1E362A6D27}.Debug|Any CPU.Build.0 = Debug|Any CPU
		{B8EED418-4C64-45FF-A42F-4A1E362A6D27}.Release|Any CPU.ActiveCfg = Release|Any CPU
		{B8EED418-4C64-45FF-A42F-4A1E362A6D27}.Release|Any CPU.Build.0 = Release|Any CPU
	EndGlobalSection
	GlobalSection(SolutionProperties) = preSolution
		HideSolutionNode = FALSE
	EndGlobalSection
	GlobalSection(ExtensibilityGlobals) = postSolution
		SolutionGuid = {83860261-A0DC-4F08-BF73-3CDDF86B6639}
	EndGlobalSection
EndGlobal
